{"version":4,"terraform_version":"1.9.0","serial":3,"lineage":"3d03b07b-3aa5-40e4-043f-5bc3c852dc24","outputs":{"cluster_arn":{"value":"arn:aws:eks:us-east-2:503561451093:cluster/eks-sample","type":"string"},"cluster_certificate_authority":{"value":[{"data":"LS0tLS1CRUdJTiBDRVJUSUZJQ0FURS0tLS0tCk1JSURCVENDQWUyZ0F3SUJBZ0lJT2R0M0pSaUxuM0F3RFFZSktvWklodmNOQVFFTEJRQXdGVEVUTUJFR0ExVUUKQXhNS2EzVmlaWEp1WlhSbGN6QWVGdzB5TlRBeE1UVXhNelF6TURGYUZ3MHpOVEF4TVRNeE16UTRNREZhTUJVeApFekFSQmdOVkJBTVRDbXQxWW1WeWJtVjBaWE13Z2dFaU1BMEdDU3FHU0liM0RRRUJBUVVBQTRJQkR3QXdnZ0VLCkFvSUJBUURtc2FhMmpPU2dTcEFNbDYyQnU1SEVPenZWT200RE1mU28rd2tBQ3dkWmFCSEpvOVhIYjYwK0thVFoKNFVkaHBYb1RJQTJ3TjBhdE5tUGpSUm9zMlhyVXFmZjdTZTJMS29jdnJiV01NQlh0eVU4RWlJKzNRaG5aajk3eQpUWHpjU200N3ZQSFFhcUtGMHZneFMzTUtTZE9nemozcWJvaFpwUnorQTI3UTZ4d1ZQTWpybk5oVDFSM1U1MUVJCmxvVWRyeVFvZUtZMURFQWN3eVh4eU9EUFNBOERWZFVCdUc1d1FMNG53YW5pKzhIckZCWDVBdGtsKzBRVUtscWwKZy9ycko4QmE4UFdKb3pZNzVvMUJFL0JZU2hFMXBWMTdzOGFKS2ZIaDNjSWVGL1g3K0p4SUFrVUtOWXVjazl0TAp6cDhuRk5iUGJ1RHZSV0Ruc1JERWM1Q0ZkSjloQWdNQkFBR2pXVEJYTUE0R0ExVWREd0VCL3dRRUF3SUNwREFQCkJnTlZIUk1CQWY4RUJUQURBUUgvTUIwR0ExVWREZ1FXQkJUVXh6SXh3RWl0Zjk2NjMwV1liZXZyZWIzMEtUQVYKQmdOVkhSRUVEakFNZ2dwcmRXSmxjbTVsZEdWek1BMEdDU3FHU0liM0RRRUJDd1VBQTRJQkFRRFY0Zm5XSzY1QwpzcFdVRXd2YmhGeG9xcEhrUXlSZHIwRjN5MFE5ZnBnNCtQSGNPbktpdGlhcnVNaXNVVmo1L2srZDJWcUtaMC9GCk1nQllUWkM0Qk5sVm5EaStWeXdZT3V1VmxUSENGK1JXNGdFd1ZaZUNCTWwvaFJpQjlabVJxemlhUjA4ZGYxRW0KbldvcnZ2UkJwSkcxb2RVOGU5TTZnRmltVzQyTHFNSGRuUVVUV1JrQUN5M2IweUlsd1daN2JlWGVTOExXaVN0dgpPTkdZVm1EdTVkYTUvOEYzcXZTTmdWdHJUaDJnYlB4NWJKQTYvS2VjMzlZdjY4TThJS2E1c0ZJYlczcy9iQWc5CmM5eFo1S3dOTkd6cVlxV1BnRzU1SE9IbWsvR1F3NUNPOHl5TXg0eDBjeUpFQXNMUmdXczBGV1VwZ3JCdU0zNS8KeWpsY3o4b1JWTERPCi0tLS0tRU5EIENFUlRJRklDQVRFLS0tLS0K"}],"type":["list",["object",{"data":"string"}]]},"cluster_endpoint":{"value":"https://3D8F501D7E0DD3260742D7136D7DA251.gr7.us-east-2.eks.amazonaws.com","type":"string"},"cluster_name":{"value":"eks-sample","type":"string"}},"resources":[{"module":"module.cluster","mode":"data","type":"aws_iam_policy_document","name":"cluster_assume_role","provider":"provider[\"registry.opentofu.org/hashicorp/aws\"]","instances":[{"schema_version":0,"attributes":{"id":"3552664922","json":"{\n  \"Version\": \"2012-10-17\",\n  \"Statement\": [\n    {\n      \"Effect\": \"Allow\",\n      \"Action\": \"sts:AssumeRole\",\n      \"Principal\": {\n        \"Service\": \"eks.amazonaws.com\"\n      }\n    }\n  ]\n}","minified_json":"{\"Version\":\"2012-10-17\",\"Statement\":[{\"Effect\":\"Allow\",\"Action\":\"sts:AssumeRole\",\"Principal\":{\"Service\":\"eks.amazonaws.com\"}}]}","override_json":null,"override_policy_documents":null,"policy_id":null,"source_json":null,"source_policy_documents":null,"statement":[{"actions":["sts:AssumeRole"],"condition":[],"effect":"Allow","not_actions":[],"not_principals":[],"not_resources":[],"principals":[{"identifiers":["eks.amazonaws.com"],"type":"Service"}],"resources":[],"sid":""}],"version":"2012-10-17"},"sensitive_attributes":[]}]},{"module":"module.cluster","mode":"data","type":"aws_iam_policy_document","name":"node_assume_role","provider":"provider[\"registry.opentofu.org/hashicorp/aws\"]","instances":[{"schema_version":0,"attributes":{"id":"2851119427","json":"{\n  \"Version\": \"2012-10-17\",\n  \"Statement\": [\n    {\n      \"Effect\": \"Allow\",\n      \"Action\": \"sts:AssumeRole\",\n      \"Principal\": {\n        \"Service\": \"ec2.amazonaws.com\"\n      }\n    }\n  ]\n}","minified_json":"{\"Version\":\"2012-10-17\",\"Statement\":[{\"Effect\":\"Allow\",\"Action\":\"sts:AssumeRole\",\"Principal\":{\"Service\":\"ec2.amazonaws.com\"}}]}","override_json":null,"override_policy_documents":null,"policy_id":null,"source_json":null,"source_policy_documents":null,"statement":[{"actions":["sts:AssumeRole"],"condition":[],"effect":"Allow","not_actions":[],"not_principals":[],"not_resources":[],"principals":[{"identifiers":["ec2.amazonaws.com"],"type":"Service"}],"resources":[],"sid":""}],"version":"2012-10-17"},"sensitive_attributes":[]}]},{"module":"module.cluster","mode":"data","type":"aws_subnets","name":"default","provider":"provider[\"registry.opentofu.org/hashicorp/aws\"]","instances":[{"schema_version":0,"attributes":{"filter":[{"name":"vpc-id","values":["vpc-03f733f4c30e7a396"]}],"id":"us-east-2","ids":["subnet-043076e5327fc28bf","subnet-085592772a05e98a6","subnet-067bcca3d063c629a"],"tags":null,"timeouts":null},"sensitive_attributes":[]}]},{"module":"module.cluster","mode":"data","type":"aws_vpc","name":"default","provider":"provider[\"registry.opentofu.org/hashicorp/aws\"]","instances":[{"schema_version":0,"attributes":{"arn":"arn:aws:ec2:us-east-2:503561451093:vpc/vpc-03f733f4c30e7a396","cidr_block":"172.31.0.0/16","cidr_block_associations":[{"association_id":"vpc-cidr-assoc-0595ba1885f80d656","cidr_block":"172.31.0.0/16","state":"associated"}],"default":true,"dhcp_options_id":"dopt-0396461b6bdd34106","enable_dns_hostnames":true,"enable_dns_support":true,"enable_network_address_usage_metrics":false,"filter":null,"id":"vpc-03f733f4c30e7a396","instance_tenancy":"default","ipv6_association_id":"","ipv6_cidr_block":"","main_route_table_id":"rtb-0c74fd40e24d15dbc","owner_id":"503561451093","state":null,"tags":{},"timeouts":null},"sensitive_attributes":[]}]},{"module":"module.cluster","mode":"managed","type":"aws_eks_cluster","name":"cluster","provider":"provider[\"registry.opentofu.org/hashicorp/aws\"]","instances":[{"schema_version":0,"attributes":{"access_config":[{"authentication_mode":"CONFIG_MAP","bootstrap_cluster_creator_admin_permissions":false}],"arn":"arn:aws:eks:us-east-2:503561451093:cluster/eks-sample","certificate_authority":[{"data":"LS0tLS1CRUdJTiBDRVJUSUZJQ0FURS0tLS0tCk1JSURCVENDQWUyZ0F3SUJBZ0lJT2R0M0pSaUxuM0F3RFFZSktvWklodmNOQVFFTEJRQXdGVEVUTUJFR0ExVUUKQXhNS2EzVmlaWEp1WlhSbGN6QWVGdzB5TlRBeE1UVXhNelF6TURGYUZ3MHpOVEF4TVRNeE16UTRNREZhTUJVeApFekFSQmdOVkJBTVRDbXQxWW1WeWJtVjBaWE13Z2dFaU1BMEdDU3FHU0liM0RRRUJBUVVBQTRJQkR3QXdnZ0VLCkFvSUJBUURtc2FhMmpPU2dTcEFNbDYyQnU1SEVPenZWT200RE1mU28rd2tBQ3dkWmFCSEpvOVhIYjYwK0thVFoKNFVkaHBYb1RJQTJ3TjBhdE5tUGpSUm9zMlhyVXFmZjdTZTJMS29jdnJiV01NQlh0eVU4RWlJKzNRaG5aajk3eQpUWHpjU200N3ZQSFFhcUtGMHZneFMzTUtTZE9nemozcWJvaFpwUnorQTI3UTZ4d1ZQTWpybk5oVDFSM1U1MUVJCmxvVWRyeVFvZUtZMURFQWN3eVh4eU9EUFNBOERWZFVCdUc1d1FMNG53YW5pKzhIckZCWDVBdGtsKzBRVUtscWwKZy9ycko4QmE4UFdKb3pZNzVvMUJFL0JZU2hFMXBWMTdzOGFKS2ZIaDNjSWVGL1g3K0p4SUFrVUtOWXVjazl0TAp6cDhuRk5iUGJ1RHZSV0Ruc1JERWM1Q0ZkSjloQWdNQkFBR2pXVEJYTUE0R0ExVWREd0VCL3dRRUF3SUNwREFQCkJnTlZIUk1CQWY4RUJUQURBUUgvTUIwR0ExVWREZ1FXQkJUVXh6SXh3RWl0Zjk2NjMwV1liZXZyZWIzMEtUQVYKQmdOVkhSRUVEakFNZ2dwcmRXSmxjbTVsZEdWek1BMEdDU3FHU0liM0RRRUJDd1VBQTRJQkFRRFY0Zm5XSzY1QwpzcFdVRXd2YmhGeG9xcEhrUXlSZHIwRjN5MFE5ZnBnNCtQSGNPbktpdGlhcnVNaXNVVmo1L2srZDJWcUtaMC9GCk1nQllUWkM0Qk5sVm5EaStWeXdZT3V1VmxUSENGK1JXNGdFd1ZaZUNCTWwvaFJpQjlabVJxemlhUjA4ZGYxRW0KbldvcnZ2UkJwSkcxb2RVOGU5TTZnRmltVzQyTHFNSGRuUVVUV1JrQUN5M2IweUlsd1daN2JlWGVTOExXaVN0dgpPTkdZVm1EdTVkYTUvOEYzcXZTTmdWdHJUaDJnYlB4NWJKQTYvS2VjMzlZdjY4TThJS2E1c0ZJYlczcy9iQWc5CmM5eFo1S3dOTkd6cVlxV1BnRzU1SE9IbWsvR1F3NUNPOHl5TXg0eDBjeUpFQXNMUmdXczBGV1VwZ3JCdU0zNS8KeWpsY3o4b1JWTERPCi0tLS0tRU5EIENFUlRJRklDQVRFLS0tLS0K"}],"cluster_id":null,"created_at":"2025-01-15 13:44:15.03 +0000 UTC","enabled_cluster_log_types":null,"encryption_config":[],"endpoint":"https://3D8F501D7E0DD3260742D7136D7DA251.gr7.us-east-2.eks.amazonaws.com","id":"eks-sample","identity":[{"oidc":[{"issuer":"https://oidc.eks.us-east-2.amazonaws.com/id/3D8F501D7E0DD3260742D7136D7DA251"}]}],"kubernetes_network_config":[{"ip_family":"ipv4","service_ipv4_cidr":"10.100.0.0/16","service_ipv6_cidr":""}],"name":"eks-sample","outpost_config":[],"platform_version":"eks.28","role_arn":"arn:aws:iam::503561451093:role/eks-sample-control-plane","status":"ACTIVE","tags":null,"tags_all":{},"timeouts":null,"version":"1.29","vpc_config":[{"cluster_security_group_id":"sg-04da035aaa07599b3","endpoint_private_access":false,"endpoint_public_access":true,"public_access_cidrs":["0.0.0.0/0"],"security_group_ids":null,"subnet_ids":["subnet-043076e5327fc28bf","subnet-067bcca3d063c629a","subnet-085592772a05e98a6"],"vpc_id":"vpc-03f733f4c30e7a396"}]},"sensitive_attributes":[],"private":"eyJlMmJmYjczMC1lY2FhLTExZTYtOGY4OC0zNDM2M2JjN2M0YzAiOnsiY3JlYXRlIjoxODAwMDAwMDAwMDAwLCJkZWxldGUiOjkwMDAwMDAwMDAwMCwidXBkYXRlIjozNjAwMDAwMDAwMDAwfX0=","dependencies":["module.cluster.aws_iam_role.cluster","module.cluster.aws_iam_role_policy_attachment.AmazonEKSClusterPolicy","module.cluster.data.aws_iam_policy_document.cluster_assume_role","module.cluster.data.aws_subnets.default","module.cluster.data.aws_vpc.default"]}]},{"module":"module.cluster","mode":"managed","type":"aws_eks_node_group","name":"nodes","provider":"provider[\"registry.opentofu.org/hashicorp/aws\"]","instances":[{"schema_version":0,"attributes":{"ami_type":"AL2_x86_64","arn":"arn:aws:eks:us-east-2:503561451093:nodegroup/eks-sample/eks-sample/8aca351e-200a-bcde-7a4f-731bd917af8a","capacity_type":"ON_DEMAND","cluster_name":"eks-sample","disk_size":20,"force_update_version":null,"id":"eks-sample:eks-sample","instance_types":["t2.micro"],"labels":null,"launch_template":[],"node_group_name":"eks-sample","node_group_name_prefix":"","node_role_arn":"arn:aws:iam::503561451093:role/eks-sample-worker-nodes","release_version":"1.29.10-20250103","remote_access":[],"resources":[{"autoscaling_groups":[{"name":"eks-eks-sample-8aca351e-200a-bcde-7a4f-731bd917af8a"}],"remote_access_security_group_id":""}],"scaling_config":[{"desired_size":3,"max_size":10,"min_size":1}],"status":"ACTIVE","subnet_ids":["subnet-043076e5327fc28bf","subnet-067bcca3d063c629a","subnet-085592772a05e98a6"],"tags":null,"tags_all":{},"taint":[],"timeouts":null,"update_config":[{"max_unavailable":1,"max_unavailable_percentage":0}],"version":"1.29"},"sensitive_attributes":[],"private":"eyJlMmJmYjczMC1lY2FhLTExZTYtOGY4OC0zNDM2M2JjN2M0YzAiOnsiY3JlYXRlIjozNjAwMDAwMDAwMDAwLCJkZWxldGUiOjM2MDAwMDAwMDAwMDAsInVwZGF0ZSI6MzYwMDAwMDAwMDAwMH19","dependencies":["module.cluster.aws_eks_cluster.cluster","module.cluster.aws_iam_role.cluster","module.cluster.aws_iam_role.node_group","module.cluster.aws_iam_role_policy_attachment.AmazonEC2ContainerRegistryReadOnly","module.cluster.aws_iam_role_policy_attachment.AmazonEKSClusterPolicy","module.cluster.aws_iam_role_policy_attachment.AmazonEKSWorkerNodePolicy","module.cluster.aws_iam_role_policy_attachment.AmazonEKS_CNI_Policy","module.cluster.data.aws_iam_policy_document.cluster_assume_role","module.cluster.data.aws_iam_policy_document.node_assume_role","module.cluster.data.aws_subnets.default","module.cluster.data.aws_vpc.default"]}]},{"module":"module.cluster","mode":"managed","type":"aws_iam_role","name":"cluster","provider":"provider[\"registry.opentofu.org/hashicorp/aws\"]","instances":[{"schema_version":0,"attributes":{"arn":"arn:aws:iam::503561451093:role/eks-sample-control-plane","assume_role_policy":"{\"Statement\":[{\"Action\":\"sts:AssumeRole\",\"Effect\":\"Allow\",\"Principal\":{\"Service\":\"eks.amazonaws.com\"}}],\"Version\":\"2012-10-17\"}","create_date":"2025-01-15T13:44:11Z","description":"","force_detach_policies":false,"id":"eks-sample-control-plane","inline_policy":[],"managed_policy_arns":[],"max_session_duration":3600,"name":"eks-sample-control-plane","name_prefix":"","path":"/","permissions_boundary":"","tags":null,"tags_all":{},"unique_id":"AROAXKPUZ6ZK3NLEBFFBU"},"sensitive_attributes":[],"private":"bnVsbA==","dependencies":["module.cluster.data.aws_iam_policy_document.cluster_assume_role"]}]},{"module":"module.cluster","mode":"managed","type":"aws_iam_role","name":"node_group","provider":"provider[\"registry.opentofu.org/hashicorp/aws\"]","instances":[{"schema_version":0,"attributes":{"arn":"arn:aws:iam::503561451093:role/eks-sample-worker-nodes","assume_role_policy":"{\"Statement\":[{\"Action\":\"sts:AssumeRole\",\"Effect\":\"Allow\",\"Principal\":{\"Service\":\"ec2.amazonaws.com\"}}],\"Version\":\"2012-10-17\"}","create_date":"2025-01-15T13:44:11Z","description":"","force_detach_policies":false,"id":"eks-sample-worker-nodes","inline_policy":[],"managed_policy_arns":[],"max_session_duration":3600,"name":"eks-sample-worker-nodes","name_prefix":"","path":"/","permissions_boundary":"","tags":null,"tags_all":{},"unique_id":"AROAXKPUZ6ZK2FJ4LIYXI"},"sensitive_attributes":[],"private":"bnVsbA==","dependencies":["module.cluster.data.aws_iam_policy_document.node_assume_role"]}]},{"module":"module.cluster","mode":"managed","type":"aws_iam_role_policy_attachment","name":"AmazonEC2ContainerRegistryReadOnly","provider":"provider[\"registry.opentofu.org/hashicorp/aws\"]","instances":[{"schema_version":0,"attributes":{"id":"eks-sample-worker-nodes-20250115134412447800000001","policy_arn":"arn:aws:iam::aws:policy/AmazonEC2ContainerRegistryReadOnly","role":"eks-sample-worker-nodes"},"sensitive_attributes":[],"private":"bnVsbA==","dependencies":["module.cluster.aws_iam_role.node_group","module.cluster.data.aws_iam_policy_document.node_assume_role"]}]},{"module":"module.cluster","mode":"managed","type":"aws_iam_role_policy_attachment","name":"AmazonEKSClusterPolicy","provider":"provider[\"registry.opentofu.org/hashicorp/aws\"]","instances":[{"schema_version":0,"attributes":{"id":"eks-sample-control-plane-20250115134412696200000004","policy_arn":"arn:aws:iam::aws:policy/AmazonEKSClusterPolicy","role":"eks-sample-control-plane"},"sensitive_attributes":[],"private":"bnVsbA==","dependencies":["module.cluster.aws_iam_role.cluster","module.cluster.data.aws_iam_policy_document.cluster_assume_role"]}]},{"module":"module.cluster","mode":"managed","type":"aws_iam_role_policy_attachment","name":"AmazonEKSWorkerNodePolicy","provider":"provider[\"registry.opentofu.org/hashicorp/aws\"]","instances":[{"schema_version":0,"attributes":{"id":"eks-sample-worker-nodes-20250115134412487300000002","policy_arn":"arn:aws:iam::aws:policy/AmazonEKSWorkerNodePolicy","role":"eks-sample-worker-nodes"},"sensitive_attributes":[],"private":"bnVsbA==","dependencies":["module.cluster.aws_iam_role.node_group","module.cluster.data.aws_iam_policy_document.node_assume_role"]}]},{"module":"module.cluster","mode":"managed","type":"aws_iam_role_policy_attachment","name":"AmazonEKS_CNI_Policy","provider":"provider[\"registry.opentofu.org/hashicorp/aws\"]","instances":[{"schema_version":0,"attributes":{"id":"eks-sample-worker-nodes-20250115134412609700000003","policy_arn":"arn:aws:iam::aws:policy/AmazonEKS_CNI_Policy","role":"eks-sample-worker-nodes"},"sensitive_attributes":[],"private":"bnVsbA==","dependencies":["module.cluster.aws_iam_role.node_group","module.cluster.data.aws_iam_policy_document.node_assume_role"]}]}],"check_results":null}
